
Microsoft Visual Studio Solution File, Format Version 12.00
# Visual Studio 15
VisualStudioVersion = 15.0.28307.168
MinimumVisualStudioVersion = 10.0.40219.1
Project("{FAE04EC0-301F-11D3-BF4B-00C04F79EFBC}") = "New_App", "New_App\New_App.csproj", "{30EEEA4C-4CB6-46F1-84AD-601BFF789538}"
EndProject
Global
	GlobalSection(SolutionConfigurationPlatforms) = preSolution
		Debug|Any CPU = Debug|Any CPU
		Release|Any CPU = Release|Any CPU
	EndGlobalSection
	GlobalSection(ProjectConfigurationPlatforms) = postSolution
		{30EEEA4C-4CB6-46F1-84AD-601BFF789538}.Debug|Any CPU.ActiveCfg = Debug|Any CPU
		{30EEEA4C-4CB6-46F1-84AD-601BFF789538}.Debug|Any CPU.Build.0 = Debug|Any CPU
		{30EEEA4C-4CB6-46F1-84AD-601BFF789538}.Release|Any CPU.ActiveCfg = Release|Any CPU
		{30EEEA4C-4CB6-46F1-84AD-601BFF789538}.Release|Any CPU.Build.0 = Release|Any CPU
	EndGlobalSection
	GlobalSection(SolutionProperties) = preSolution
		HideSolutionNode = FALSE
	EndGlobalSection
	GlobalSection(ExtensibilityGlobals) = postSolution
		SolutionGuid = {EA69090F-8D6E-44E5-A387-D05B9A41D06E}
	EndGlobalSection
EndGlobal
